// !$*UTF8*$!
{
	archiveVersion = 1;
	classes = {
	};
	objectVersion = 55;
	objects = {

/* Begin PBXBuildFile section */
		4AC8BC2027FC652F00F85008 /* AppDelegate.swift in Sources */ = {isa = PBXBuildFile; fileRef = 4AC8BC1F27FC652F00F85008 /* AppDelegate.swift */; };
		4AC8BC2227FC652F00F85008 /* SceneDelegate.swift in Sources */ = {isa = PBXBuildFile; fileRef = 4AC8BC2127FC652F00F85008 /* SceneDelegate.swift */; };
		4AC8BC2427FC652F00F85008 /* ViewController.swift in Sources */ = {isa = PBXBuildFile; fileRef = 4AC8BC2327FC652F00F85008 /* ViewController.swift */; };
		4AC8BC2727FC652F00F85008 /* Main.storyboard in Resources */ = {isa = PBXBuildFile; fileRef = 4AC8BC2527FC652F00F85008 /* Main.storyboard */; };
		4AC8BC2927FC653200F85008 /* Assets.xcassets in Resources */ = {isa = PBXBuildFile; fileRef = 4AC8BC2827FC653200F85008 /* Assets.xcassets */; };
		4AC8BC2C27FC653200F85008 /* LaunchScreen.storyboard in Resources */ = {isa = PBXBuildFile; fileRef = 4AC8BC2A27FC653200F85008 /* LaunchScreen.storyboard */; };
		4AC8BC9627FC65AA00F85008 /* ButtonClick+Styles.swift in Sources */ = {isa = PBXBuildFile; fileRef = 4AC8BC3627FC65A900F85008 /* ButtonClick+Styles.swift */; };
		4AC8BC9727FC65AA00F85008 /* ButtonClickStyle+AddViewsAnimation.swift in Sources */ = {isa = PBXBuildFile; fileRef = 4AC8BC3727FC65A900F85008 /* ButtonClickStyle+AddViewsAnimation.swift */; };
		4AC8BC9927FC65AA00F85008 /* ButtonClickStyle+GestureRecognizer.swift in Sources */ = {isa = PBXBuildFile; fileRef = 4AC8BC3927FC65A900F85008 /* ButtonClickStyle+GestureRecognizer.swift */; };
		4AC8BC9A27FC65AA00F85008 /* UIView+AnimationAlpha.swift in Sources */ = {isa = PBXBuildFile; fileRef = 4AC8BC3B27FC65A900F85008 /* UIView+AnimationAlpha.swift */; };
		4AC8BC9B27FC65AA00F85008 /* UIView+AnimationShadow.swift in Sources */ = {isa = PBXBuildFile; fileRef = 4AC8BC3C27FC65A900F85008 /* UIView+AnimationShadow.swift */; };
		4AC8BC9C27FC65AA00F85008 /* UIView+AnimationPulsate.swift in Sources */ = {isa = PBXBuildFile; fileRef = 4AC8BC3D27FC65A900F85008 /* UIView+AnimationPulsate.swift */; };
		4AC8BC9D27FC65AA00F85008 /* UIView+AnimationAndroidPulse.swift in Sources */ = {isa = PBXBuildFile; fileRef = 4AC8BC3E27FC65A900F85008 /* UIView+AnimationAndroidPulse.swift */; };
		4AC8BC9E27FC65AA00F85008 /* UIView+AnimationColor.swift in Sources */ = {isa = PBXBuildFile; fileRef = 4AC8BC3F27FC65A900F85008 /* UIView+AnimationColor.swift */; };
		4AC8BC9F27FC65AA00F85008 /* UIView+AnimationPulse.swift in Sources */ = {isa = PBXBuildFile; fileRef = 4AC8BC4027FC65A900F85008 /* UIView+AnimationPulse.swift */; };
		4AC8BCA027FC65AA00F85008 /* UIView+AnimationColorFlat.swift in Sources */ = {isa = PBXBuildFile; fileRef = 4AC8BC4127FC65A900F85008 /* UIView+AnimationColorFlat.swift */; };
		4AC8BCA127FC65AA00F85008 /* UIView+AnimationSnake.swift in Sources */ = {isa = PBXBuildFile; fileRef = 4AC8BC4227FC65A900F85008 /* UIView+AnimationSnake.swift */; };
		4AC8BCA227FC65AA00F85008 /* UIView+AnimationFlash.swift in Sources */ = {isa = PBXBuildFile; fileRef = 4AC8BC4327FC65A900F85008 /* UIView+AnimationFlash.swift */; };
		4AC8BCA327FC65AA00F85008 /* UIView+AnimationPress.swift in Sources */ = {isa = PBXBuildFile; fileRef = 4AC8BC4427FC65A900F85008 /* UIView+AnimationPress.swift */; };
		4AC8BCA427FC65AA00F85008 /* ButtonClickStyleView.swift in Sources */ = {isa = PBXBuildFile; fileRef = 4AC8BC4527FC65A900F85008 /* ButtonClickStyleView.swift */; };
		4AC8BCA527FC65AA00F85008 /* ButtonClick.swift in Sources */ = {isa = PBXBuildFile; fileRef = 4AC8BC4627FC65A900F85008 /* ButtonClick.swift */; };
		4AC8BCA627FC65AA00F85008 /* DesignableLabel.swift in Sources */ = {isa = PBXBuildFile; fileRef = 4AC8BC4927FC65A900F85008 /* DesignableLabel.swift */; };
		4AC8BCA727FC65AA00F85008 /* DesignableView.swift in Sources */ = {isa = PBXBuildFile; fileRef = 4AC8BC4A27FC65A900F85008 /* DesignableView.swift */; };
		4AC8BCA827FC65AA00F85008 /* DispatchQueue.swift in Sources */ = {isa = PBXBuildFile; fileRef = 4AC8BC4B27FC65A900F85008 /* DispatchQueue.swift */; };
		4AC8BCA927FC65AA00F85008 /* StoryboardController.swift in Sources */ = {isa = PBXBuildFile; fileRef = 4AC8BC4D27FC65A900F85008 /* StoryboardController.swift */; };
		4AC8BCAA27FC65AA00F85008 /* XibView.swift in Sources */ = {isa = PBXBuildFile; fileRef = 4AC8BC4E27FC65A900F85008 /* XibView.swift */; };
		4AC8BCAB27FC65AA00F85008 /* Proxima Nova Semibold.otf in Resources */ = {isa = PBXBuildFile; fileRef = 4AC8BC5027FC65A900F85008 /* Proxima Nova Semibold.otf */; };
		4AC8BCAC27FC65AA00F85008 /* Proxima Nova Bold.otf in Resources */ = {isa = PBXBuildFile; fileRef = 4AC8BC5127FC65A900F85008 /* Proxima Nova Bold.otf */; };
		4AC8BCAD27FC65AA00F85008 /* ScreenDevice.swift in Sources */ = {isa = PBXBuildFile; fileRef = 4AC8BC5327FC65A900F85008 /* ScreenDevice.swift */; };
		4AC8BCAE27FC65AA00F85008 /* UIView+Positions.swift in Sources */ = {isa = PBXBuildFile; fileRef = 4AC8BC5427FC65A900F85008 /* UIView+Positions.swift */; };
		4AC8BCAF27FC65AA00F85008 /* FirefoxButtonView.swift in Sources */ = {isa = PBXBuildFile; fileRef = 4AC8BC5827FC65A900F85008 /* FirefoxButtonView.swift */; };
		4AC8BCB027FC65AA00F85008 /* FirefoxButtonView.xib in Resources */ = {isa = PBXBuildFile; fileRef = 4AC8BC5927FC65A900F85008 /* FirefoxButtonView.xib */; };
		4AC8BCB127FC65AA00F85008 /* BuyNowButtonView.xib in Resources */ = {isa = PBXBuildFile; fileRef = 4AC8BC5B27FC65A900F85008 /* BuyNowButtonView.xib */; };
		4AC8BCB227FC65AA00F85008 /* BuyNowButtonView.swift in Sources */ = {isa = PBXBuildFile; fileRef = 4AC8BC5C27FC65A900F85008 /* BuyNowButtonView.swift */; };
		4AC8BCB327FC65AA00F85008 /* BlueButtonView.xib in Resources */ = {isa = PBXBuildFile; fileRef = 4AC8BC5E27FC65A900F85008 /* BlueButtonView.xib */; };
		4AC8BCB427FC65AA00F85008 /* BlueButtonView.swift in Sources */ = {isa = PBXBuildFile; fileRef = 4AC8BC5F27FC65A900F85008 /* BlueButtonView.swift */; };
		4AC8BCB527FC65AA00F85008 /* DeleteButtonView.xib in Resources */ = {isa = PBXBuildFile; fileRef = 4AC8BC6127FC65A900F85008 /* DeleteButtonView.xib */; };
		4AC8BCB627FC65AA00F85008 /* DeleteButtonView.swift in Sources */ = {isa = PBXBuildFile; fileRef = 4AC8BC6227FC65A900F85008 /* DeleteButtonView.swift */; };
		4AC8BCB727FC65AA00F85008 /* TestDemoBlurButtonView.xib in Resources */ = {isa = PBXBuildFile; fileRef = 4AC8BC6427FC65A900F85008 /* TestDemoBlurButtonView.xib */; };
		4AC8BCB827FC65AA00F85008 /* TestDemoBlurButtonView.swift in Sources */ = {isa = PBXBuildFile; fileRef = 4AC8BC6527FC65A900F85008 /* TestDemoBlurButtonView.swift */; };
		4AC8BCB927FC65AA00F85008 /* BtnCellState.swift in Sources */ = {isa = PBXBuildFile; fileRef = 4AC8BC6627FC65A900F85008 /* BtnCellState.swift */; };
		4AC8BCBA27FC65AA00F85008 /* GoogleButtonView.xib in Resources */ = {isa = PBXBuildFile; fileRef = 4AC8BC6827FC65A900F85008 /* GoogleButtonView.xib */; };
		4AC8BCBB27FC65AA00F85008 /* GoogleButtonView.swift in Sources */ = {isa = PBXBuildFile; fileRef = 4AC8BC6927FC65A900F85008 /* GoogleButtonView.swift */; };
		4AC8BCBC27FC65AA00F85008 /* TestDemoSquaresButtonView.xib in Resources */ = {isa = PBXBuildFile; fileRef = 4AC8BC6B27FC65A900F85008 /* TestDemoSquaresButtonView.xib */; };
		4AC8BCBD27FC65AA00F85008 /* TestDemoSquaresButtonView.swift in Sources */ = {isa = PBXBuildFile; fileRef = 4AC8BC6C27FC65A900F85008 /* TestDemoSquaresButtonView.swift */; };
		4AC8BCBE27FC65AA00F85008 /* GradientBlueBasicButtonView.xib in Resources */ = {isa = PBXBuildFile; fileRef = 4AC8BC6E27FC65A900F85008 /* GradientBlueBasicButtonView.xib */; };
		4AC8BCBF27FC65AA00F85008 /* GradientBlueBasicButtonView.swift in Sources */ = {isa = PBXBuildFile; fileRef = 4AC8BC6F27FC65A900F85008 /* GradientBlueBasicButtonView.swift */; };
		4AC8BCC027FC65AA00F85008 /* SearchButtonView.xib in Resources */ = {isa = PBXBuildFile; fileRef = 4AC8BC7127FC65A900F85008 /* SearchButtonView.xib */; };
		4AC8BCC127FC65AA00F85008 /* SearchButtonView.swift in Sources */ = {isa = PBXBuildFile; fileRef = 4AC8BC7227FC65A900F85008 /* SearchButtonView.swift */; };
		4AC8BCC227FC65AA00F85008 /* SubscribeButtonView.xib in Resources */ = {isa = PBXBuildFile; fileRef = 4AC8BC7427FC65A900F85008 /* SubscribeButtonView.xib */; };
		4AC8BCC327FC65AA00F85008 /* SubscribeButtonView.swift in Sources */ = {isa = PBXBuildFile; fileRef = 4AC8BC7527FC65A900F85008 /* SubscribeButtonView.swift */; };
		4AC8BCC427FC65AA00F85008 /* JustPinkButtonView.swift in Sources */ = {isa = PBXBuildFile; fileRef = 4AC8BC7727FC65A900F85008 /* JustPinkButtonView.swift */; };
		4AC8BCC527FC65AA00F85008 /* JustPinkButtonView.xib in Resources */ = {isa = PBXBuildFile; fileRef = 4AC8BC7827FC65A900F85008 /* JustPinkButtonView.xib */; };
		4AC8BCC627FC65AA00F85008 /* DownloadButtonView.swift in Sources */ = {isa = PBXBuildFile; fileRef = 4AC8BC7A27FC65A900F85008 /* DownloadButtonView.swift */; };
		4AC8BCC727FC65AA00F85008 /* DownloadButtonView.xib in Resources */ = {isa = PBXBuildFile; fileRef = 4AC8BC7B27FC65A900F85008 /* DownloadButtonView.xib */; };
		4AC8BCC827FC65AA00F85008 /* BorderGreenDarkButtonView.xib in Resources */ = {isa = PBXBuildFile; fileRef = 4AC8BC7D27FC65AA00F85008 /* BorderGreenDarkButtonView.xib */; };
		4AC8BCC927FC65AA00F85008 /* BorderGreenDarkButtonView.swift in Sources */ = {isa = PBXBuildFile; fileRef = 4AC8BC7E27FC65AA00F85008 /* BorderGreenDarkButtonView.swift */; };
		4AC8BCCA27FC65AA00F85008 /* NeomorphismButtonView.swift in Sources */ = {isa = PBXBuildFile; fileRef = 4AC8BC8027FC65AA00F85008 /* NeomorphismButtonView.swift */; };
		4AC8BCCB27FC65AA00F85008 /* NeomorphismButtonView.xib in Resources */ = {isa = PBXBuildFile; fileRef = 4AC8BC8127FC65AA00F85008 /* NeomorphismButtonView.xib */; };
		4AC8BCCC27FC65AA00F85008 /* TestDemoGradientButtonView.xib in Resources */ = {isa = PBXBuildFile; fileRef = 4AC8BC8327FC65AA00F85008 /* TestDemoGradientButtonView.xib */; };
		4AC8BCCD27FC65AA00F85008 /* TestDemoGradientButtonView.swift in Sources */ = {isa = PBXBuildFile; fileRef = 4AC8BC8427FC65AA00F85008 /* TestDemoGradientButtonView.swift */; };
		4AC8BCCE27FC65AA00F85008 /* BtnView.swift in Sources */ = {isa = PBXBuildFile; fileRef = 4AC8BC8527FC65AA00F85008 /* BtnView.swift */; };
		4AC8BCCF27FC65AA00F85008 /* ButtonListViewController.storyboard in Resources */ = {isa = PBXBuildFile; fileRef = 4AC8BC8827FC65AA00F85008 /* ButtonListViewController.storyboard */; };
		4AC8BCD027FC65AA00F85008 /* ButtonListViewController.swift in Sources */ = {isa = PBXBuildFile; fileRef = 4AC8BC8927FC65AA00F85008 /* ButtonListViewController.swift */; };
		4AC8BCD127FC65AA00F85008 /* TestViewController.swift in Sources */ = {isa = PBXBuildFile; fileRef = 4AC8BC8B27FC65AA00F85008 /* TestViewController.swift */; };
		4AC8BCD227FC65AA00F85008 /* TestViewController.storyboard in Resources */ = {isa = PBXBuildFile; fileRef = 4AC8BC8C27FC65AA00F85008 /* TestViewController.storyboard */; };
		4AC8BCD327FC65AA00F85008 /* TestDemoViewController.storyboard in Resources */ = {isa = PBXBuildFile; fileRef = 4AC8BC8E27FC65AA00F85008 /* TestDemoViewController.storyboard */; };
		4AC8BCD427FC65AA00F85008 /* TestDemoViewController.swift in Sources */ = {isa = PBXBuildFile; fileRef = 4AC8BC8F27FC65AA00F85008 /* TestDemoViewController.swift */; };
		4AC8BCD527FC65AA00F85008 /* ButtonLayerExampleView.swift in Sources */ = {isa = PBXBuildFile; fileRef = 4AC8BC9227FC65AA00F85008 /* ButtonLayerExampleView.swift */; };
		4AC8BCD627FC65AA00F85008 /* ButtonLayerExampleView.xib in Resources */ = {isa = PBXBuildFile; fileRef = 4AC8BC9327FC65AA00F85008 /* ButtonLayerExampleView.xib */; };
		4AC8BCD827FC6B1100F85008 /* README.md in Resources */ = {isa = PBXBuildFile; fileRef = 4AC8BCD727FC6B1100F85008 /* README.md */; };
/* End PBXBuildFile section */

/* Begin PBXFileReference section */
		4AC8BC1C27FC652F00F85008 /* ButtonClickStyle.app */ = {isa = PBXFileReference; explicitFileType = wrapper.application; includeInIndex = 0; path = ButtonClickStyle.app; sourceTree = BUILT_PRODUCTS_DIR; };
		4AC8BC1F27FC652F00F85008 /* AppDelegate.swift */ = {isa = PBXFileReference; lastKnownFileType = sourcecode.swift; path = AppDelegate.swift; sourceTree = "<group>"; };
		4AC8BC2127FC652F00F85008 /* SceneDelegate.swift */ = {isa = PBXFileReference; lastKnownFileType = sourcecode.swift; path = SceneDelegate.swift; sourceTree = "<group>"; };
		4AC8BC2327FC652F00F85008 /* ViewController.swift */ = {isa = PBXFileReference; lastKnownFileType = sourcecode.swift; path = ViewController.swift; sourceTree = "<group>"; };
		4AC8BC2627FC652F00F85008 /* Base */ = {isa = PBXFileReference; lastKnownFileType = file.storyboard; name = Base; path = Base.lproj/Main.storyboard; sourceTree = "<group>"; };
		4AC8BC2827FC653200F85008 /* Assets.xcassets */ = {isa = PBXFileReference; lastKnownFileType = folder.assetcatalog; path = Assets.xcassets; sourceTree = "<group>"; };
		4AC8BC2B27FC653200F85008 /* Base */ = {isa = PBXFileReference; lastKnownFileType = file.storyboard; name = Base; path = Base.lproj/LaunchScreen.storyboard; sourceTree = "<group>"; };
		4AC8BC2D27FC653200F85008 /* Info.plist */ = {isa = PBXFileReference; lastKnownFileType = text.plist.xml; path = Info.plist; sourceTree = "<group>"; };
		4AC8BC3627FC65A900F85008 /* ButtonClick+Styles.swift */ = {isa = PBXFileReference; fileEncoding = 4; lastKnownFileType = sourcecode.swift; path = "ButtonClick+Styles.swift"; sourceTree = "<group>"; };
		4AC8BC3727FC65A900F85008 /* ButtonClickStyle+AddViewsAnimation.swift */ = {isa = PBXFileReference; fileEncoding = 4; lastKnownFileType = sourcecode.swift; path = "ButtonClickStyle+AddViewsAnimation.swift"; sourceTree = "<group>"; };
		4AC8BC3927FC65A900F85008 /* ButtonClickStyle+GestureRecognizer.swift */ = {isa = PBXFileReference; fileEncoding = 4; lastKnownFileType = sourcecode.swift; path = "ButtonClickStyle+GestureRecognizer.swift"; sourceTree = "<group>"; };
		4AC8BC3B27FC65A900F85008 /* UIView+AnimationAlpha.swift */ = {isa = PBXFileReference; fileEncoding = 4; lastKnownFileType = sourcecode.swift; path = "UIView+AnimationAlpha.swift"; sourceTree = "<group>"; };
		4AC8BC3C27FC65A900F85008 /* UIView+AnimationShadow.swift */ = {isa = PBXFileReference; fileEncoding = 4; lastKnownFileType = sourcecode.swift; path = "UIView+AnimationShadow.swift"; sourceTree = "<group>"; };
		4AC8BC3D27FC65A900F85008 /* UIView+AnimationPulsate.swift */ = {isa = PBXFileReference; fileEncoding = 4; lastKnownFileType = sourcecode.swift; path = "UIView+AnimationPulsate.swift"; sourceTree = "<group>"; };
		4AC8BC3E27FC65A900F85008 /* UIView+AnimationAndroidPulse.swift */ = {isa = PBXFileReference; fileEncoding = 4; lastKnownFileType = sourcecode.swift; path = "UIView+AnimationAndroidPulse.swift"; sourceTree = "<group>"; };
		4AC8BC3F27FC65A900F85008 /* UIView+AnimationColor.swift */ = {isa = PBXFileReference; fileEncoding = 4; lastKnownFileType = sourcecode.swift; path = "UIView+AnimationColor.swift"; sourceTree = "<group>"; };
		4AC8BC4027FC65A900F85008 /* UIView+AnimationPulse.swift */ = {isa = PBXFileReference; fileEncoding = 4; lastKnownFileType = sourcecode.swift; path = "UIView+AnimationPulse.swift"; sourceTree = "<group>"; };
		4AC8BC4127FC65A900F85008 /* UIView+AnimationColorFlat.swift */ = {isa = PBXFileReference; fileEncoding = 4; lastKnownFileType = sourcecode.swift; path = "UIView+AnimationColorFlat.swift"; sourceTree = "<group>"; };
		4AC8BC4227FC65A900F85008 /* UIView+AnimationSnake.swift */ = {isa = PBXFileReference; fileEncoding = 4; lastKnownFileType = sourcecode.swift; path = "UIView+AnimationSnake.swift"; sourceTree = "<group>"; };
		4AC8BC4327FC65A900F85008 /* UIView+AnimationFlash.swift */ = {isa = PBXFileReference; fileEncoding = 4; lastKnownFileType = sourcecode.swift; path = "UIView+AnimationFlash.swift"; sourceTree = "<group>"; };
		4AC8BC4427FC65A900F85008 /* UIView+AnimationPress.swift */ = {isa = PBXFileReference; fileEncoding = 4; lastKnownFileType = sourcecode.swift; path = "UIView+AnimationPress.swift"; sourceTree = "<group>"; };
		4AC8BC4527FC65A900F85008 /* ButtonClickStyleView.swift */ = {isa = PBXFileReference; fileEncoding = 4; lastKnownFileType = sourcecode.swift; path = ButtonClickStyleView.swift; sourceTree = "<group>"; };
		4AC8BC4627FC65A900F85008 /* ButtonClick.swift */ = {isa = PBXFileReference; fileEncoding = 4; lastKnownFileType = sourcecode.swift; path = ButtonClick.swift; sourceTree = "<group>"; };
		4AC8BC4927FC65A900F85008 /* DesignableLabel.swift */ = {isa = PBXFileReference; fileEncoding = 4; lastKnownFileType = sourcecode.swift; path = DesignableLabel.swift; sourceTree = "<group>"; };
		4AC8BC4A27FC65A900F85008 /* DesignableView.swift */ = {isa = PBXFileReference; fileEncoding = 4; lastKnownFileType = sourcecode.swift; path = DesignableView.swift; sourceTree = "<group>"; };
		4AC8BC4B27FC65A900F85008 /* DispatchQueue.swift */ = {isa = PBXFileReference; fileEncoding = 4; lastKnownFileType = sourcecode.swift; path = DispatchQueue.swift; sourceTree = "<group>"; };
		4AC8BC4D27FC65A900F85008 /* StoryboardController.swift */ = {isa = PBXFileReference; fileEncoding = 4; lastKnownFileType = sourcecode.swift; path = StoryboardController.swift; sourceTree = "<group>"; };
		4AC8BC4E27FC65A900F85008 /* XibView.swift */ = {isa = PBXFileReference; fileEncoding = 4; lastKnownFileType = sourcecode.swift; path = XibView.swift; sourceTree = "<group>"; };
		4AC8BC5027FC65A900F85008 /* Proxima Nova Semibold.otf */ = {isa = PBXFileReference; lastKnownFileType = file; path = "Proxima Nova Semibold.otf"; sourceTree = "<group>"; };
		4AC8BC5127FC65A900F85008 /* Proxima Nova Bold.otf */ = {isa = PBXFileReference; lastKnownFileType = file; path = "Proxima Nova Bold.otf"; sourceTree = "<group>"; };
		4AC8BC5327FC65A900F85008 /* ScreenDevice.swift */ = {isa = PBXFileReference; fileEncoding = 4; lastKnownFileType = sourcecode.swift; path = ScreenDevice.swift; sourceTree = "<group>"; };
		4AC8BC5427FC65A900F85008 /* UIView+Positions.swift */ = {isa = PBXFileReference; fileEncoding = 4; lastKnownFileType = sourcecode.swift; path = "UIView+Positions.swift"; sourceTree = "<group>"; };
		4AC8BC5827FC65A900F85008 /* FirefoxButtonView.swift */ = {isa = PBXFileReference; fileEncoding = 4; lastKnownFileType = sourcecode.swift; path = FirefoxButtonView.swift; sourceTree = "<group>"; };
		4AC8BC5927FC65A900F85008 /* FirefoxButtonView.xib */ = {isa = PBXFileReference; fileEncoding = 4; lastKnownFileType = file.xib; path = FirefoxButtonView.xib; sourceTree = "<group>"; };
		4AC8BC5B27FC65A900F85008 /* BuyNowButtonView.xib */ = {isa = PBXFileReference; fileEncoding = 4; lastKnownFileType = file.xib; path = BuyNowButtonView.xib; sourceTree = "<group>"; };
		4AC8BC5C27FC65A900F85008 /* BuyNowButtonView.swift */ = {isa = PBXFileReference; fileEncoding = 4; lastKnownFileType = sourcecode.swift; path = BuyNowButtonView.swift; sourceTree = "<group>"; };
		4AC8BC5E27FC65A900F85008 /* BlueButtonView.xib */ = {isa = PBXFileReference; fileEncoding = 4; lastKnownFileType = file.xib; path = BlueButtonView.xib; sourceTree = "<group>"; };
		4AC8BC5F27FC65A900F85008 /* BlueButtonView.swift */ = {isa = PBXFileReference; fileEncoding = 4; lastKnownFileType = sourcecode.swift; path = BlueButtonView.swift; sourceTree = "<group>"; };
		4AC8BC6127FC65A900F85008 /* DeleteButtonView.xib */ = {isa = PBXFileReference; fileEncoding = 4; lastKnownFileType = file.xib; path = DeleteButtonView.xib; sourceTree = "<group>"; };
		4AC8BC6227FC65A900F85008 /* DeleteButtonView.swift */ = {isa = PBXFileReference; fileEncoding = 4; lastKnownFileType = sourcecode.swift; path = DeleteButtonView.swift; sourceTree = "<group>"; };
		4AC8BC6427FC65A900F85008 /* TestDemoBlurButtonView.xib */ = {isa = PBXFileReference; fileEncoding = 4; lastKnownFileType = file.xib; path = TestDemoBlurButtonView.xib; sourceTree = "<group>"; };
		4AC8BC6527FC65A900F85008 /* TestDemoBlurButtonView.swift */ = {isa = PBXFileReference; fileEncoding = 4; lastKnownFileType = sourcecode.swift; path = TestDemoBlurButtonView.swift; sourceTree = "<group>"; };
		4AC8BC6627FC65A900F85008 /* BtnCellState.swift */ = {isa = PBXFileReference; fileEncoding = 4; lastKnownFileType = sourcecode.swift; path = BtnCellState.swift; sourceTree = "<group>"; };
		4AC8BC6827FC65A900F85008 /* GoogleButtonView.xib */ = {isa = PBXFileReference; fileEncoding = 4; lastKnownFileType = file.xib; path = GoogleButtonView.xib; sourceTree = "<group>"; };
		4AC8BC6927FC65A900F85008 /* GoogleButtonView.swift */ = {isa = PBXFileReference; fileEncoding = 4; lastKnownFileType = sourcecode.swift; path = GoogleButtonView.swift; sourceTree = "<group>"; };
		4AC8BC6B27FC65A900F85008 /* TestDemoSquaresButtonView.xib */ = {isa = PBXFileReference; fileEncoding = 4; lastKnownFileType = file.xib; path = TestDemoSquaresButtonView.xib; sourceTree = "<group>"; };
		4AC8BC6C27FC65A900F85008 /* TestDemoSquaresButtonView.swift */ = {isa = PBXFileReference; fileEncoding = 4; lastKnownFileType = sourcecode.swift; path = TestDemoSquaresButtonView.swift; sourceTree = "<group>"; };
		4AC8BC6E27FC65A900F85008 /* GradientBlueBasicButtonView.xib */ = {isa = PBXFileReference; fileEncoding = 4; lastKnownFileType = file.xib; path = GradientBlueBasicButtonView.xib; sourceTree = "<group>"; };
		4AC8BC6F27FC65A900F85008 /* GradientBlueBasicButtonView.swift */ = {isa = PBXFileReference; fileEncoding = 4; lastKnownFileType = sourcecode.swift; path = GradientBlueBasicButtonView.swift; sourceTree = "<group>"; };
		4AC8BC7127FC65A900F85008 /* SearchButtonView.xib */ = {isa = PBXFileReference; fileEncoding = 4; lastKnownFileType = file.xib; path = SearchButtonView.xib; sourceTree = "<group>"; };
		4AC8BC7227FC65A900F85008 /* SearchButtonView.swift */ = {isa = PBXFileReference; fileEncoding = 4; lastKnownFileType = sourcecode.swift; path = SearchButtonView.swift; sourceTree = "<group>"; };
		4AC8BC7427FC65A900F85008 /* SubscribeButtonView.xib */ = {isa = PBXFileReference; fileEncoding = 4; lastKnownFileType = file.xib; path = SubscribeButtonView.xib; sourceTree = "<group>"; };
		4AC8BC7527FC65A900F85008 /* SubscribeButtonView.swift */ = {isa = PBXFileReference; fileEncoding = 4; lastKnownFileType = sourcecode.swift; path = SubscribeButtonView.swift; sourceTree = "<group>"; };
		4AC8BC7727FC65A900F85008 /* JustPinkButtonView.swift */ = {isa = PBXFileReference; fileEncoding = 4; lastKnownFileType = sourcecode.swift; path = JustPinkButtonView.swift; sourceTree = "<group>"; };
		4AC8BC7827FC65A900F85008 /* JustPinkButtonView.xib */ = {isa = PBXFileReference; fileEncoding = 4; lastKnownFileType = file.xib; path = JustPinkButtonView.xib; sourceTree = "<group>"; };
		4AC8BC7A27FC65A900F85008 /* DownloadButtonView.swift */ = {isa = PBXFileReference; fileEncoding = 4; lastKnownFileType = sourcecode.swift; path = DownloadButtonView.swift; sourceTree = "<group>"; };
		4AC8BC7B27FC65A900F85008 /* DownloadButtonView.xib */ = {isa = PBXFileReference; fileEncoding = 4; lastKnownFileType = file.xib; path = DownloadButtonView.xib; sourceTree = "<group>"; };
		4AC8BC7D27FC65AA00F85008 /* BorderGreenDarkButtonView.xib */ = {isa = PBXFileReference; fileEncoding = 4; lastKnownFileType = file.xib; path = BorderGreenDarkButtonView.xib; sourceTree = "<group>"; };
		4AC8BC7E27FC65AA00F85008 /* BorderGreenDarkButtonView.swift */ = {isa = PBXFileReference; fileEncoding = 4; lastKnownFileType = sourcecode.swift; path = BorderGreenDarkButtonView.swift; sourceTree = "<group>"; };
		4AC8BC8027FC65AA00F85008 /* NeomorphismButtonView.swift */ = {isa = PBXFileReference; fileEncoding = 4; lastKnownFileType = sourcecode.swift; path = NeomorphismButtonView.swift; sourceTree = "<group>"; };
		4AC8BC8127FC65AA00F85008 /* NeomorphismButtonView.xib */ = {isa = PBXFileReference; fileEncoding = 4; lastKnownFileType = file.xib; path = NeomorphismButtonView.xib; sourceTree = "<group>"; };
		4AC8BC8327FC65AA00F85008 /* TestDemoGradientButtonView.xib */ = {isa = PBXFileReference; fileEncoding = 4; lastKnownFileType = file.xib; path = TestDemoGradientButtonView.xib; sourceTree = "<group>"; };
		4AC8BC8427FC65AA00F85008 /* TestDemoGradientButtonView.swift */ = {isa = PBXFileReference; fileEncoding = 4; lastKnownFileType = sourcecode.swift; path = TestDemoGradientButtonView.swift; sourceTree = "<group>"; };
		4AC8BC8527FC65AA00F85008 /* BtnView.swift */ = {isa = PBXFileReference; fileEncoding = 4; lastKnownFileType = sourcecode.swift; path = BtnView.swift; sourceTree = "<group>"; };
		4AC8BC8827FC65AA00F85008 /* ButtonListViewController.storyboard */ = {isa = PBXFileReference; fileEncoding = 4; lastKnownFileType = file.storyboard; path = ButtonListViewController.storyboard; sourceTree = "<group>"; };
		4AC8BC8927FC65AA00F85008 /* ButtonListViewController.swift */ = {isa = PBXFileReference; fileEncoding = 4; lastKnownFileType = sourcecode.swift; path = ButtonListViewController.swift; sourceTree = "<group>"; };
		4AC8BC8B27FC65AA00F85008 /* TestViewController.swift */ = {isa = PBXFileReference; fileEncoding = 4; lastKnownFileType = sourcecode.swift; path = TestViewController.swift; sourceTree = "<group>"; };
		4AC8BC8C27FC65AA00F85008 /* TestViewController.storyboard */ = {isa = PBXFileReference; fileEncoding = 4; lastKnownFileType = file.storyboard; path = TestViewController.storyboard; sourceTree = "<group>"; };
		4AC8BC8E27FC65AA00F85008 /* TestDemoViewController.storyboard */ = {isa = PBXFileReference; fileEncoding = 4; lastKnownFileType = file.storyboard; path = TestDemoViewController.storyboard; sourceTree = "<group>"; };
		4AC8BC8F27FC65AA00F85008 /* TestDemoViewController.swift */ = {isa = PBXFileReference; fileEncoding = 4; lastKnownFileType = sourcecode.swift; path = TestDemoViewController.swift; sourceTree = "<group>"; };
		4AC8BC9227FC65AA00F85008 /* ButtonLayerExampleView.swift */ = {isa = PBXFileReference; fileEncoding = 4; lastKnownFileType = sourcecode.swift; path = ButtonLayerExampleView.swift; sourceTree = "<group>"; };
		4AC8BC9327FC65AA00F85008 /* ButtonLayerExampleView.xib */ = {isa = PBXFileReference; fileEncoding = 4; lastKnownFileType = file.xib; path = ButtonLayerExampleView.xib; sourceTree = "<group>"; };
		4AC8BCD727FC6B1100F85008 /* README.md */ = {isa = PBXFileReference; fileEncoding = 4; lastKnownFileType = net.daringfireball.markdown; path = README.md; sourceTree = "<group>"; };
/* End PBXFileReference section */

/* Begin PBXFrameworksBuildPhase section */
		4AC8BC1927FC652F00F85008 /* Frameworks */ = {
			isa = PBXFrameworksBuildPhase;
			buildActionMask = 2147483647;
			files = (
			);
			runOnlyForDeploymentPostprocessing = 0;
		};
/* End PBXFrameworksBuildPhase section */

/* Begin PBXGroup section */
		4AC8BC1327FC652F00F85008 = {
			isa = PBXGroup;
			children = (
				4AC8BC1E27FC652F00F85008 /* ButtonClickStyle */,
				4AC8BCD727FC6B1100F85008 /* README.md */,
				4AC8BC1D27FC652F00F85008 /* Products */,
			);
			sourceTree = "<group>";
		};
		4AC8BC1D27FC652F00F85008 /* Products */ = {
			isa = PBXGroup;
			children = (
				4AC8BC1C27FC652F00F85008 /* ButtonClickStyle.app */,
			);
			name = Products;
			sourceTree = "<group>";
		};
		4AC8BC1E27FC652F00F85008 /* ButtonClickStyle */ = {
			isa = PBXGroup;
			children = (
				4AC8BC3327FC65A900F85008 /* ButtonClickStyle */,
				4AC8BC4727FC65A900F85008 /* Utils */,
				4AC8BC5527FC65A900F85008 /* UI */,
				4AC8BC1F27FC652F00F85008 /* AppDelegate.swift */,
				4AC8BC2127FC652F00F85008 /* SceneDelegate.swift */,
				4AC8BC2327FC652F00F85008 /* ViewController.swift */,
				4AC8BC2527FC652F00F85008 /* Main.storyboard */,
				4AC8BC2827FC653200F85008 /* Assets.xcassets */,
				4AC8BC2A27FC653200F85008 /* LaunchScreen.storyboard */,
				4AC8BC2D27FC653200F85008 /* Info.plist */,
			);
			path = ButtonClickStyle;
			sourceTree = "<group>";
		};
		4AC8BC3327FC65A900F85008 /* ButtonClickStyle */ = {
			isa = PBXGroup;
			children = (
				4AC8BC3A27FC65A900F85008 /* Animations */,
				4AC8BC4527FC65A900F85008 /* ButtonClickStyleView.swift */,
				4AC8BC4627FC65A900F85008 /* ButtonClick.swift */,
				4AC8BC3627FC65A900F85008 /* ButtonClick+Styles.swift */,
				4AC8BC3727FC65A900F85008 /* ButtonClickStyle+AddViewsAnimation.swift */,
				4AC8BC3927FC65A900F85008 /* ButtonClickStyle+GestureRecognizer.swift */,
			);
			path = ButtonClickStyle;
			sourceTree = "<group>";
		};
		4AC8BC3A27FC65A900F85008 /* Animations */ = {
			isa = PBXGroup;
			children = (
				4AC8BC3B27FC65A900F85008 /* UIView+AnimationAlpha.swift */,
				4AC8BC3C27FC65A900F85008 /* UIView+AnimationShadow.swift */,
				4AC8BC3D27FC65A900F85008 /* UIView+AnimationPulsate.swift */,
				4AC8BC3E27FC65A900F85008 /* UIView+AnimationAndroidPulse.swift */,
				4AC8BC3F27FC65A900F85008 /* UIView+AnimationColor.swift */,
				4AC8BC4027FC65A900F85008 /* UIView+AnimationPulse.swift */,
				4AC8BC4127FC65A900F85008 /* UIView+AnimationColorFlat.swift */,
				4AC8BC4227FC65A900F85008 /* UIView+AnimationSnake.swift */,
				4AC8BC4327FC65A900F85008 /* UIView+AnimationFlash.swift */,
				4AC8BC4427FC65A900F85008 /* UIView+AnimationPress.swift */,
			);
			path = Animations;
			sourceTree = "<group>";
		};
		4AC8BC4727FC65A900F85008 /* Utils */ = {
			isa = PBXGroup;
			children = (
				4AC8BC4827FC65A900F85008 /* Designable */,
				4AC8BC4C27FC65A900F85008 /* LoadNib */,
				4AC8BC4F27FC65A900F85008 /* Font */,
				4AC8BC4B27FC65A900F85008 /* DispatchQueue.swift */,
				4AC8BC5327FC65A900F85008 /* ScreenDevice.swift */,
				4AC8BC5427FC65A900F85008 /* UIView+Positions.swift */,
			);
			path = Utils;
			sourceTree = "<group>";
		};
		4AC8BC4827FC65A900F85008 /* Designable */ = {
			isa = PBXGroup;
			children = (
				4AC8BC4927FC65A900F85008 /* DesignableLabel.swift */,
				4AC8BC4A27FC65A900F85008 /* DesignableView.swift */,
			);
			path = Designable;
			sourceTree = "<group>";
		};
		4AC8BC4C27FC65A900F85008 /* LoadNib */ = {
			isa = PBXGroup;
			children = (
				4AC8BC4D27FC65A900F85008 /* StoryboardController.swift */,
				4AC8BC4E27FC65A900F85008 /* XibView.swift */,
			);
			path = LoadNib;
			sourceTree = "<group>";
		};
		4AC8BC4F27FC65A900F85008 /* Font */ = {
			isa = PBXGroup;
			children = (
				4AC8BC5027FC65A900F85008 /* Proxima Nova Semibold.otf */,
				4AC8BC5127FC65A900F85008 /* Proxima Nova Bold.otf */,
			);
			path = Font;
			sourceTree = "<group>";
		};
		4AC8BC5527FC65A900F85008 /* UI */ = {
			isa = PBXGroup;
			children = (
				4AC8BC5627FC65A900F85008 /* Button */,
				4AC8BC8627FC65AA00F85008 /* Screen */,
				4AC8BC9027FC65AA00F85008 /* View */,
			);
			path = UI;
			sourceTree = "<group>";
		};
		4AC8BC5627FC65A900F85008 /* Button */ = {
			isa = PBXGroup;
			children = (
				4AC8BC5727FC65A900F85008 /* Firefox */,
				4AC8BC5A27FC65A900F85008 /* BuyNow */,
				4AC8BC5D27FC65A900F85008 /* Blue */,
				4AC8BC6027FC65A900F85008 /* Delete */,
				4AC8BC6327FC65A900F85008 /* TestDemoBlur */,
				4AC8BC6627FC65A900F85008 /* BtnCellState.swift */,
				4AC8BC6727FC65A900F85008 /* Google */,
				4AC8BC6A27FC65A900F85008 /* TestDemoSquares */,
				4AC8BC6D27FC65A900F85008 /* GradientBlue */,
				4AC8BC7027FC65A900F85008 /* Search */,
				4AC8BC7327FC65A900F85008 /* Subscribe */,
				4AC8BC7627FC65A900F85008 /* JustPink */,
				4AC8BC7927FC65A900F85008 /* Download */,
				4AC8BC7C27FC65A900F85008 /* BorderGreenDark */,
				4AC8BC7F27FC65AA00F85008 /* Neomorphism */,
				4AC8BC8227FC65AA00F85008 /* TestDemoGradient */,
				4AC8BC8527FC65AA00F85008 /* BtnView.swift */,
			);
			path = Button;
			sourceTree = "<group>";
		};
		4AC8BC5727FC65A900F85008 /* Firefox */ = {
			isa = PBXGroup;
			children = (
				4AC8BC5827FC65A900F85008 /* FirefoxButtonView.swift */,
				4AC8BC5927FC65A900F85008 /* FirefoxButtonView.xib */,
			);
			path = Firefox;
			sourceTree = "<group>";
		};
		4AC8BC5A27FC65A900F85008 /* BuyNow */ = {
			isa = PBXGroup;
			children = (
				4AC8BC5B27FC65A900F85008 /* BuyNowButtonView.xib */,
				4AC8BC5C27FC65A900F85008 /* BuyNowButtonView.swift */,
			);
			path = BuyNow;
			sourceTree = "<group>";
		};
		4AC8BC5D27FC65A900F85008 /* Blue */ = {
			isa = PBXGroup;
			children = (
				4AC8BC5E27FC65A900F85008 /* BlueButtonView.xib */,
				4AC8BC5F27FC65A900F85008 /* BlueButtonView.swift */,
			);
			path = Blue;
			sourceTree = "<group>";
		};
		4AC8BC6027FC65A900F85008 /* Delete */ = {
			isa = PBXGroup;
			children = (
				4AC8BC6127FC65A900F85008 /* DeleteButtonView.xib */,
				4AC8BC6227FC65A900F85008 /* DeleteButtonView.swift */,
			);
			path = Delete;
			sourceTree = "<group>";
		};
		4AC8BC6327FC65A900F85008 /* TestDemoBlur */ = {
			isa = PBXGroup;
			children = (
				4AC8BC6427FC65A900F85008 /* TestDemoBlurButtonView.xib */,
				4AC8BC6527FC65A900F85008 /* TestDemoBlurButtonView.swift */,
			);
			path = TestDemoBlur;
			sourceTree = "<group>";
		};
		4AC8BC6727FC65A900F85008 /* Google */ = {
			isa = PBXGroup;
			children = (
				4AC8BC6827FC65A900F85008 /* GoogleButtonView.xib */,
				4AC8BC6927FC65A900F85008 /* GoogleButtonView.swift */,
			);
			path = Google;
			sourceTree = "<group>";
		};
		4AC8BC6A27FC65A900F85008 /* TestDemoSquares */ = {
			isa = PBXGroup;
			children = (
				4AC8BC6B27FC65A900F85008 /* TestDemoSquaresButtonView.xib */,
				4AC8BC6C27FC65A900F85008 /* TestDemoSquaresButtonView.swift */,
			);
			path = TestDemoSquares;
			sourceTree = "<group>";
		};
		4AC8BC6D27FC65A900F85008 /* GradientBlue */ = {
			isa = PBXGroup;
			children = (
				4AC8BC6E27FC65A900F85008 /* GradientBlueBasicButtonView.xib */,
				4AC8BC6F27FC65A900F85008 /* GradientBlueBasicButtonView.swift */,
			);
			path = GradientBlue;
			sourceTree = "<group>";
		};
		4AC8BC7027FC65A900F85008 /* Search */ = {
			isa = PBXGroup;
			children = (
				4AC8BC7127FC65A900F85008 /* SearchButtonView.xib */,
				4AC8BC7227FC65A900F85008 /* SearchButtonView.swift */,
			);
			path = Search;
			sourceTree = "<group>";
		};
		4AC8BC7327FC65A900F85008 /* Subscribe */ = {
			isa = PBXGroup;
			children = (
				4AC8BC7427FC65A900F85008 /* SubscribeButtonView.xib */,
				4AC8BC7527FC65A900F85008 /* SubscribeButtonView.swift */,
			);
			path = Subscribe;
			sourceTree = "<group>";
		};
		4AC8BC7627FC65A900F85008 /* JustPink */ = {
			isa = PBXGroup;
			children = (
				4AC8BC7727FC65A900F85008 /* JustPinkButtonView.swift */,
				4AC8BC7827FC65A900F85008 /* JustPinkButtonView.xib */,
			);
			path = JustPink;
			sourceTree = "<group>";
		};
		4AC8BC7927FC65A900F85008 /* Download */ = {
			isa = PBXGroup;
			children = (
				4AC8BC7A27FC65A900F85008 /* DownloadButtonView.swift */,
				4AC8BC7B27FC65A900F85008 /* DownloadButtonView.xib */,
			);
			path = Download;
			sourceTree = "<group>";
		};
		4AC8BC7C27FC65A900F85008 /* BorderGreenDark */ = {
			isa = PBXGroup;
			children = (
				4AC8BC7D27FC65AA00F85008 /* BorderGreenDarkButtonView.xib */,
				4AC8BC7E27FC65AA00F85008 /* BorderGreenDarkButtonView.swift */,
			);
			path = BorderGreenDark;
			sourceTree = "<group>";
		};
		4AC8BC7F27FC65AA00F85008 /* Neomorphism */ = {
			isa = PBXGroup;
			children = (
				4AC8BC8027FC65AA00F85008 /* NeomorphismButtonView.swift */,
				4AC8BC8127FC65AA00F85008 /* NeomorphismButtonView.xib */,
			);
			path = Neomorphism;
			sourceTree = "<group>";
		};
		4AC8BC8227FC65AA00F85008 /* TestDemoGradient */ = {
			isa = PBXGroup;
			children = (
				4AC8BC8327FC65AA00F85008 /* TestDemoGradientButtonView.xib */,
				4AC8BC8427FC65AA00F85008 /* TestDemoGradientButtonView.swift */,
			);
			path = TestDemoGradient;
			sourceTree = "<group>";
		};
		4AC8BC8627FC65AA00F85008 /* Screen */ = {
			isa = PBXGroup;
			children = (
				4AC8BC8727FC65AA00F85008 /* ButtonList */,
				4AC8BC8A27FC65AA00F85008 /* Test */,
				4AC8BC8D27FC65AA00F85008 /* TestDemo */,
			);
			path = Screen;
			sourceTree = "<group>";
		};
		4AC8BC8727FC65AA00F85008 /* ButtonList */ = {
			isa = PBXGroup;
			children = (
				4AC8BC8827FC65AA00F85008 /* ButtonListViewController.storyboard */,
				4AC8BC8927FC65AA00F85008 /* ButtonListViewController.swift */,
			);
			path = ButtonList;
			sourceTree = "<group>";
		};
		4AC8BC8A27FC65AA00F85008 /* Test */ = {
			isa = PBXGroup;
			children = (
				4AC8BC8B27FC65AA00F85008 /* TestViewController.swift */,
				4AC8BC8C27FC65AA00F85008 /* TestViewController.storyboard */,
			);
			path = Test;
			sourceTree = "<group>";
		};
		4AC8BC8D27FC65AA00F85008 /* TestDemo */ = {
			isa = PBXGroup;
			children = (
				4AC8BC8F27FC65AA00F85008 /* TestDemoViewController.swift */,
				4AC8BC8E27FC65AA00F85008 /* TestDemoViewController.storyboard */,
			);
			path = TestDemo;
			sourceTree = "<group>";
		};
		4AC8BC9027FC65AA00F85008 /* View */ = {
			isa = PBXGroup;
			children = (
				4AC8BC9127FC65AA00F85008 /* ButtonLayerExample */,
			);
			path = View;
			sourceTree = "<group>";
		};
		4AC8BC9127FC65AA00F85008 /* ButtonLayerExample */ = {
			isa = PBXGroup;
			children = (
				4AC8BC9227FC65AA00F85008 /* ButtonLayerExampleView.swift */,
				4AC8BC9327FC65AA00F85008 /* ButtonLayerExampleView.xib */,
			);
			path = ButtonLayerExample;
			sourceTree = "<group>";
		};
/* End PBXGroup section */

/* Begin PBXNativeTarget section */
		4AC8BC1B27FC652F00F85008 /* ButtonClickStyle */ = {
			isa = PBXNativeTarget;
			buildConfigurationList = 4AC8BC3027FC653200F85008 /* Build configuration list for PBXNativeTarget "ButtonClickStyle" */;
			buildPhases = (
				4AC8BC1827FC652F00F85008 /* Sources */,
				4AC8BC1927FC652F00F85008 /* Frameworks */,
				4AC8BC1A27FC652F00F85008 /* Resources */,
			);
			buildRules = (
			);
			dependencies = (
			);
			name = ButtonClickStyle;
			productName = ButtonClickStyle;
			productReference = 4AC8BC1C27FC652F00F85008 /* ButtonClickStyle.app */;
			productType = "com.apple.product-type.application";
		};
/* End PBXNativeTarget section */

/* Begin PBXProject section */
		4AC8BC1427FC652F00F85008 /* Project object */ = {
			isa = PBXProject;
			attributes = {
				BuildIndependentTargetsInParallel = 1;
				LastSwiftUpdateCheck = 1320;
				LastUpgradeCheck = 1320;
				TargetAttributes = {
					4AC8BC1B27FC652F00F85008 = {
						CreatedOnToolsVersion = 13.2.1;
					};
				};
			};
			buildConfigurationList = 4AC8BC1727FC652F00F85008 /* Build configuration list for PBXProject "ButtonClickStyle" */;
			compatibilityVersion = "Xcode 13.0";
			developmentRegion = en;
			hasScannedForEncodings = 0;
			knownRegions = (
				en,
				Base,
			);
			mainGroup = 4AC8BC1327FC652F00F85008;
			productRefGroup = 4AC8BC1D27FC652F00F85008 /* Products */;
			projectDirPath = "";
			projectRoot = "";
			targets = (
				4AC8BC1B27FC652F00F85008 /* ButtonClickStyle */,
			);
		};
/* End PBXProject section */

/* Begin PBXResourcesBuildPhase section */
		4AC8BC1A27FC652F00F85008 /* Resources */ = {
			isa = PBXResourcesBuildPhase;
			buildActionMask = 2147483647;
			files = (
				4AC8BCC827FC65AA00F85008 /* BorderGreenDarkButtonView.xib in Resources */,
				4AC8BCC227FC65AA00F85008 /* SubscribeButtonView.xib in Resources */,
				4AC8BCB527FC65AA00F85008 /* DeleteButtonView.xib in Resources */,
				4AC8BCD627FC65AA00F85008 /* ButtonLayerExampleView.xib in Resources */,
				4AC8BC2C27FC653200F85008 /* LaunchScreen.storyboard in Resources */,
				4AC8BC2927FC653200F85008 /* Assets.xcassets in Resources */,
				4AC8BCCC27FC65AA00F85008 /* TestDemoGradientButtonView.xib in Resources */,
				4AC8BCB327FC65AA00F85008 /* BlueButtonView.xib in Resources */,
				4AC8BCC027FC65AA00F85008 /* SearchButtonView.xib in Resources */,
				4AC8BCC527FC65AA00F85008 /* JustPinkButtonView.xib in Resources */,
				4AC8BC2727FC652F00F85008 /* Main.storyboard in Resources */,
				4AC8BCD327FC65AA00F85008 /* TestDemoViewController.storyboard in Resources */,
				4AC8BCD827FC6B1100F85008 /* README.md in Resources */,
				4AC8BCAB27FC65AA00F85008 /* Proxima Nova Semibold.otf in Resources */,
				4AC8BCD227FC65AA00F85008 /* TestViewController.storyboard in Resources */,
				4AC8BCBC27FC65AA00F85008 /* TestDemoSquaresButtonView.xib in Resources */,
				4AC8BCBE27FC65AA00F85008 /* GradientBlueBasicButtonView.xib in Resources */,
				4AC8BCB027FC65AA00F85008 /* FirefoxButtonView.xib in Resources */,
				4AC8BCAC27FC65AA00F85008 /* Proxima Nova Bold.otf in Resources */,
				4AC8BCC727FC65AA00F85008 /* DownloadButtonView.xib in Resources */,
				4AC8BCCB27FC65AA00F85008 /* NeomorphismButtonView.xib in Resources */,
				4AC8BCBA27FC65AA00F85008 /* GoogleButtonView.xib in Resources */,
				4AC8BCB727FC65AA00F85008 /* TestDemoBlurButtonView.xib in Resources */,
				4AC8BCB127FC65AA00F85008 /* BuyNowButtonView.xib in Resources */,
				4AC8BCCF27FC65AA00F85008 /* ButtonListViewController.storyboard in Resources */,
			);
			runOnlyForDeploymentPostprocessing = 0;
		};
/* End PBXResourcesBuildPhase section */

/* Begin PBXSourcesBuildPhase section */
		4AC8BC1827FC652F00F85008 /* Sources */ = {
			isa = PBXSourcesBuildPhase;
			buildActionMask = 2147483647;
			files = (
				4AC8BCD127FC65AA00F85008 /* TestViewController.swift in Sources */,
				4AC8BCC127FC65AA00F85008 /* SearchButtonView.swift in Sources */,
				4AC8BC2427FC652F00F85008 /* ViewController.swift in Sources */,
				4AC8BCA527FC65AA00F85008 /* ButtonClick.swift in Sources */,
				4AC8BCB227FC65AA00F85008 /* BuyNowButtonView.swift in Sources */,
				4AC8BCA227FC65AA00F85008 /* UIView+AnimationFlash.swift in Sources */,
				4AC8BCBB27FC65AA00F85008 /* GoogleButtonView.swift in Sources */,
				4AC8BCC327FC65AA00F85008 /* SubscribeButtonView.swift in Sources */,
				4AC8BCA427FC65AA00F85008 /* ButtonClickStyleView.swift in Sources */,
				4AC8BCAD27FC65AA00F85008 /* ScreenDevice.swift in Sources */,
				4AC8BCC927FC65AA00F85008 /* BorderGreenDarkButtonView.swift in Sources */,
				4AC8BCC427FC65AA00F85008 /* JustPinkButtonView.swift in Sources */,
				4AC8BCA127FC65AA00F85008 /* UIView+AnimationSnake.swift in Sources */,
				4AC8BCB827FC65AA00F85008 /* TestDemoBlurButtonView.swift in Sources */,
				4AC8BCCD27FC65AA00F85008 /* TestDemoGradientButtonView.swift in Sources */,
				4AC8BC9C27FC65AA00F85008 /* UIView+AnimationPulsate.swift in Sources */,
				4AC8BCD027FC65AA00F85008 /* ButtonListViewController.swift in Sources */,
				4AC8BC9E27FC65AA00F85008 /* UIView+AnimationColor.swift in Sources */,
				4AC8BCBF27FC65AA00F85008 /* GradientBlueBasicButtonView.swift in Sources */,
				4AC8BCB427FC65AA00F85008 /* BlueButtonView.swift in Sources */,
				4AC8BCA027FC65AA00F85008 /* UIView+AnimationColorFlat.swift in Sources */,
				4AC8BC9727FC65AA00F85008 /* ButtonClickStyle+AddViewsAnimation.swift in Sources */,
				4AC8BCA627FC65AA00F85008 /* DesignableLabel.swift in Sources */,
				4AC8BCA827FC65AA00F85008 /* DispatchQueue.swift in Sources */,
				4AC8BCCA27FC65AA00F85008 /* NeomorphismButtonView.swift in Sources */,
				4AC8BC2027FC652F00F85008 /* AppDelegate.swift in Sources */,
				4AC8BCD427FC65AA00F85008 /* TestDemoViewController.swift in Sources */,
				4AC8BC2227FC652F00F85008 /* SceneDelegate.swift in Sources */,
				4AC8BC9D27FC65AA00F85008 /* UIView+AnimationAndroidPulse.swift in Sources */,
				4AC8BCA727FC65AA00F85008 /* DesignableView.swift in Sources */,
				4AC8BCAF27FC65AA00F85008 /* FirefoxButtonView.swift in Sources */,
				4AC8BCAE27FC65AA00F85008 /* UIView+Positions.swift in Sources */,
				4AC8BC9627FC65AA00F85008 /* ButtonClick+Styles.swift in Sources */,
				4AC8BCA927FC65AA00F85008 /* StoryboardController.swift in Sources */,
				4AC8BC9A27FC65AA00F85008 /* UIView+AnimationAlpha.swift in Sources */,
				4AC8BCBD27FC65AA00F85008 /* TestDemoSquaresButtonView.swift in Sources */,
				4AC8BC9F27FC65AA00F85008 /* UIView+AnimationPulse.swift in Sources */,
				4AC8BCA327FC65AA00F85008 /* UIView+AnimationPress.swift in Sources */,
				4AC8BCB627FC65AA00F85008 /* DeleteButtonView.swift in Sources */,
				4AC8BCAA27FC65AA00F85008 /* XibView.swift in Sources */,
				4AC8BCD527FC65AA00F85008 /* ButtonLayerExampleView.swift in Sources */,
				4AC8BCB927FC65AA00F85008 /* BtnCellState.swift in Sources */,
				4AC8BC9927FC65AA00F85008 /* ButtonClickStyle+GestureRecognizer.swift in Sources */,
				4AC8BCC627FC65AA00F85008 /* DownloadButtonView.swift in Sources */,
				4AC8BCCE27FC65AA00F85008 /* BtnView.swift in Sources */,
				4AC8BC9B27FC65AA00F85008 /* UIView+AnimationShadow.swift in Sources */,
			);
			runOnlyForDeploymentPostprocessing = 0;
		};
/* End PBXSourcesBuildPhase section */

/* Begin PBXVariantGroup section */
		4AC8BC2527FC652F00F85008 /* Main.storyboard */ = {
			isa = PBXVariantGroup;
			children = (
				4AC8BC2627FC652F00F85008 /* Base */,
			);
			name = Main.storyboard;
			sourceTree = "<group>";
		};
		4AC8BC2A27FC653200F85008 /* LaunchScreen.storyboard */ = {
			isa = PBXVariantGroup;
			children = (
				4AC8BC2B27FC653200F85008 /* Base */,
			);
			name = LaunchScreen.storyboard;
			sourceTree = "<group>";
		};
/* End PBXVariantGroup section */

/* Begin XCBuildConfiguration section */
		4AC8BC2E27FC653200F85008 /* Debug */ = {
			isa = XCBuildConfiguration;
			buildSettings = {
				ALWAYS_SEARCH_USER_PATHS = NO;
				CLANG_ANALYZER_NONNULL = YES;
				CLANG_ANALYZER_NUMBER_OBJECT_CONVERSION = YES_AGGRESSIVE;
				CLANG_CXX_LANGUAGE_STANDARD = "gnu++17";
				CLANG_CXX_LIBRARY = "libc++";
				CLANG_ENABLE_MODULES = YES;
				CLANG_ENABLE_OBJC_ARC = YES;
				CLANG_ENABLE_OBJC_WEAK = YES;
				CLANG_WARN_BLOCK_CAPTURE_AUTORELEASING = YES;
				CLANG_WARN_BOOL_CONVERSION = YES;
				CLANG_WARN_COMMA = YES;
				CLANG_WARN_CONSTANT_CONVERSION = YES;
				CLANG_WARN_DEPRECATED_OBJC_IMPLEMENTATIONS = YES;
				CLANG_WARN_DIRECT_OBJC_ISA_USAGE = YES_ERROR;
				CLANG_WARN_DOCUMENTATION_COMMENTS = YES;
				CLANG_WARN_EMPTY_BODY = YES;
				CLANG_WARN_ENUM_CONVERSION = YES;
				CLANG_WARN_INFINITE_RECURSION = YES;
				CLANG_WARN_INT_CONVERSION = YES;
				CLANG_WARN_NON_LITERAL_NULL_CONVERSION = YES;
				CLANG_WARN_OBJC_IMPLICIT_RETAIN_SELF = YES;
				CLANG_WARN_OBJC_LITERAL_CONVERSION = YES;
				CLANG_WARN_OBJC_ROOT_CLASS = YES_ERROR;
				CLANG_WARN_QUOTED_INCLUDE_IN_FRAMEWORK_HEADER = YES;
				CLANG_WARN_RANGE_LOOP_ANALYSIS = YES;
				CLANG_WARN_STRICT_PROTOTYPES = YES;
				CLANG_WARN_SUSPICIOUS_MOVE = YES;
				CLANG_WARN_UNGUARDED_AVAILABILITY = YES_AGGRESSIVE;
				CLANG_WARN_UNREACHABLE_CODE = YES;
				CLANG_WARN__DUPLICATE_METHOD_MATCH = YES;
				COPY_PHASE_STRIP = NO;
				DEBUG_INFORMATION_FORMAT = dwarf;
				ENABLE_STRICT_OBJC_MSGSEND = YES;
				ENABLE_TESTABILITY = YES;
				GCC_C_LANGUAGE_STANDARD = gnu11;
				GCC_DYNAMIC_NO_PIC = NO;
				GCC_NO_COMMON_BLOCKS = YES;
				GCC_OPTIMIZATION_LEVEL = 0;
				GCC_PREPROCESSOR_DEFINITIONS = (
					"DEBUG=1",
					"$(inherited)",
				);
				GCC_WARN_64_TO_32_BIT_CONVERSION = YES;
				GCC_WARN_ABOUT_RETURN_TYPE = YES_ERROR;
				GCC_WARN_UNDECLARED_SELECTOR = YES;
				GCC_WARN_UNINITIALIZED_AUTOS = YES_AGGRESSIVE;
				GCC_WARN_UNUSED_FUNCTION = YES;
				GCC_WARN_UNUSED_VARIABLE = YES;
				IPHONEOS_DEPLOYMENT_TARGET = 15.2;
				MTL_ENABLE_DEBUG_INFO = INCLUDE_SOURCE;
				MTL_FAST_MATH = YES;
				ONLY_ACTIVE_ARCH = YES;
				SDKROOT = iphoneos;
				SWIFT_ACTIVE_COMPILATION_CONDITIONS = DEBUG;
				SWIFT_OPTIMIZATION_LEVEL = "-Onone";
			};
			name = Debug;
		};
		4AC8BC2F27FC653200F85008 /* Release */ = {
			isa = XCBuildConfiguration;
			buildSettings = {
				ALWAYS_SEARCH_USER_PATHS = NO;
				CLANG_ANALYZER_NONNULL = YES;
				CLANG_ANALYZER_NUMBER_OBJECT_CONVERSION = YES_AGGRESSIVE;
				CLANG_CXX_LANGUAGE_STANDARD = "gnu++17";
				CLANG_CXX_LIBRARY = "libc++";
				CLANG_ENABLE_MODULES = YES;
				CLANG_ENABLE_OBJC_ARC = YES;
				CLANG_ENABLE_OBJC_WEAK = YES;
				CLANG_WARN_BLOCK_CAPTURE_AUTORELEASING = YES;
				CLANG_WARN_BOOL_CONVERSION = YES;
				CLANG_WARN_COMMA = YES;
				CLANG_WARN_CONSTANT_CONVERSION = YES;
				CLANG_WARN_DEPRECATED_OBJC_IMPLEMENTATIONS = YES;
				CLANG_WARN_DIRECT_OBJC_ISA_USAGE = YES_ERROR;
				CLANG_WARN_DOCUMENTATION_COMMENTS = YES;
				CLANG_WARN_EMPTY_BODY = YES;
				CLANG_WARN_ENUM_CONVERSION = YES;
				CLANG_WARN_INFINITE_RECURSION = YES;
				CLANG_WARN_INT_CONVERSION = YES;
				CLANG_WARN_NON_LITERAL_NULL_CONVERSION = YES;
				CLANG_WARN_OBJC_IMPLICIT_RETAIN_SELF = YES;
				CLANG_WARN_OBJC_LITERAL_CONVERSION = YES;
				CLANG_WARN_OBJC_ROOT_CLASS = YES_ERROR;
				CLANG_WARN_QUOTED_INCLUDE_IN_FRAMEWORK_HEADER = YES;
				CLANG_WARN_RANGE_LOOP_ANALYSIS = YES;
				CLANG_WARN_STRICT_PROTOTYPES = YES;
				CLANG_WARN_SUSPICIOUS_MOVE = YES;
				CLANG_WARN_UNGUARDED_AVAILABILITY = YES_AGGRESSIVE;
				CLANG_WARN_UNREACHABLE_CODE = YES;
				CLANG_WARN__DUPLICATE_METHOD_MATCH = YES;
				COPY_PHASE_STRIP = NO;
				DEBUG_INFORMATION_FORMAT = "dwarf-with-dsym";
				ENABLE_NS_ASSERTIONS = NO;
				ENABLE_STRICT_OBJC_MSGSEND = YES;
				GCC_C_LANGUAGE_STANDARD = gnu11;
				GCC_NO_COMMON_BLOCKS = YES;
				GCC_WARN_64_TO_32_BIT_CONVERSION = YES;
				GCC_WARN_ABOUT_RETURN_TYPE = YES_ERROR;
				GCC_WARN_UNDECLARED_SELECTOR = YES;
				GCC_WARN_UNINITIALIZED_AUTOS = YES_AGGRESSIVE;
				GCC_WARN_UNUSED_FUNCTION = YES;
				GCC_WARN_UNUSED_VARIABLE = YES;
				IPHONEOS_DEPLOYMENT_TARGET = 15.2;
				MTL_ENABLE_DEBUG_INFO = NO;
				MTL_FAST_MATH = YES;
				SDKROOT = iphoneos;
				SWIFT_COMPILATION_MODE = wholemodule;
				SWIFT_OPTIMIZATION_LEVEL = "-O";
				VALIDATE_PRODUCT = YES;
			};
			name = Release;
		};
		4AC8BC3127FC653200F85008 /* Debug */ = {
			isa = XCBuildConfiguration;
			buildSettings = {
				ASSETCATALOG_COMPILER_APPICON_NAME = AppIcon;
				ASSETCATALOG_COMPILER_GLOBAL_ACCENT_COLOR_NAME = AccentColor;
				CODE_SIGN_STYLE = Automatic;
				CURRENT_PROJECT_VERSION = 1;
				DEVELOPMENT_TEAM = Y7546NLJW9;
				GENERATE_INFOPLIST_FILE = YES;
				INFOPLIST_FILE = ButtonClickStyle/Info.plist;
				INFOPLIST_KEY_UIApplicationSupportsIndirectInputEvents = YES;
				INFOPLIST_KEY_UILaunchStoryboardName = LaunchScreen;
				INFOPLIST_KEY_UIMainStoryboardFile = Main;
				INFOPLIST_KEY_UISupportedInterfaceOrientations_iPad = "UIInterfaceOrientationPortrait UIInterfaceOrientationPortraitUpsideDown UIInterfaceOrientationLandscapeLeft UIInterfaceOrientationLandscapeRight";
				INFOPLIST_KEY_UISupportedInterfaceOrientations_iPhone = "UIInterfaceOrientationPortrait UIInterfaceOrientationLandscapeLeft UIInterfaceOrientationLandscapeRight";
				LD_RUNPATH_SEARCH_PATHS = (
					"$(inherited)",
					"@executable_path/Frameworks",
				);
				MARKETING_VERSION = 1.0;
				PRODUCT_BUNDLE_IDENTIFIER = mrusta.ButtonClickStyle;
				PRODUCT_NAME = "$(TARGET_NAME)";
				SWIFT_EMIT_LOC_STRINGS = YES;
				SWIFT_VERSION = 5.0;
				TARGETED_DEVICE_FAMILY = "1,2";
			};
			name = Debug;
		};
		4AC8BC3227FC653200F85008 /* Release */ = {
			isa = XCBuildConfiguration;
			buildSettings = {
				ASSETCATALOG_COMPILER_APPICON_NAME = AppIcon;
				ASSETCATALOG_COMPILER_GLOBAL_ACCENT_COLOR_NAME = AccentColor;
				CODE_SIGN_STYLE = Automatic;
				CURRENT_PROJECT_VERSION = 1;
				DEVELOPMENT_TEAM = Y7546NLJW9;
				GENERATE_INFOPLIST_FILE = YES;
				INFOPLIST_FILE = ButtonClickStyle/Info.plist;
				INFOPLIST_KEY_UIApplicationSupportsIndirectInputEvents = YES;
				INFOPLIST_KEY_UILaunchStoryboardName = LaunchScreen;
				INFOPLIST_KEY_UIMainStoryboardFile = Main;
				INFOPLIST_KEY_UISupportedInterfaceOrientations_iPad = "UIInterfaceOrientationPortrait UIInterfaceOrientationPortraitUpsideDown UIInterfaceOrientationLandscapeLeft UIInterfaceOrientationLandscapeRight";
				INFOPLIST_KEY_UISupportedInterfaceOrientations_iPhone = "UIInterfaceOrientationPortrait UIInterfaceOrientationLandscapeLeft UIInterfaceOrientationLandscapeRight";
				LD_RUNPATH_SEARCH_PATHS = (
					"$(inherited)",
					"@executable_path/Frameworks",
				);
				MARKETING_VERSION = 1.0;
				PRODUCT_BUNDLE_IDENTIFIER = mrusta.ButtonClickStyle;
				PRODUCT_NAME = "$(TARGET_NAME)";
				SWIFT_EMIT_LOC_STRINGS = YES;
				SWIFT_VERSION = 5.0;
				TARGETED_DEVICE_FAMILY = "1,2";
			};
			name = Release;
		};
/* End XCBuildConfiguration section */

/* Begin XCConfigurationList section */
		4AC8BC1727FC652F00F85008 /* Build configuration list for PBXProject "ButtonClickStyle" */ = {
			isa = XCConfigurationList;
			buildConfigurations = (
				4AC8BC2E27FC653200F85008 /* Debug */,
				4AC8BC2F27FC653200F85008 /* Release */,
			);
			defaultConfigurationIsVisible = 0;
			defaultConfigurationName = Release;
		};
		4AC8BC3027FC653200F85008 /* Build configuration list for PBXNativeTarget "ButtonClickStyle" */ = {
			isa = XCConfigurationList;
			buildConfigurations = (
				4AC8BC3127FC653200F85008 /* Debug */,
				4AC8BC3227FC653200F85008 /* Release */,
			);
			defaultConfigurationIsVisible = 0;
			defaultConfigurationName = Release;
		};
/* End XCConfigurationList section */
	};
	rootObject = 4AC8BC1427FC652F00F85008 /* Project object */;
}
